
Microsoft Visual Studio Solution File, Format Version 12.00
# Visual Studio Version 16
VisualStudioVersion = 16.0.31205.134
MinimumVisualStudioVersion = 10.0.40219.1
Project("{FAE04EC0-301F-11D3-BF4B-00C04F79EFBC}") = "ChecksumGenerator", "ChecksumGenerator\ChecksumGenerator.csproj", "{6707253B-4B9F-453A-9A7E-9E7ED26EEC1E}"
EndProject
Global
	GlobalSection(SolutionConfigurationPlatforms) = preSolution
		Debug|Any CPU = Debug|Any CPU
		Release|Any CPU = Release|Any CPU
	EndGlobalSection
	GlobalSection(ProjectConfigurationPlatforms) = postSolution
		{6707253B-4B9F-453A-9A7E-9E7ED26EEC1E}.Debug|Any CPU.ActiveCfg = Debug|Any CPU
		{6707253B-4B9F-453A-9A7E-9E7ED26EEC1E}.Debug|Any CPU.Build.0 = Debug|Any CPU
		{6707253B-4B9F-453A-9A7E-9E7ED26EEC1E}.Release|Any CPU.ActiveCfg = Release|Any CPU
		{6707253B-4B9F-453A-9A7E-9E7ED26EEC1E}.Release|Any CPU.Build.0 = Release|Any CPU
	EndGlobalSection
	GlobalSection(SolutionProperties) = preSolution
		HideSolutionNode = FALSE
	EndGlobalSection
	GlobalSection(ExtensibilityGlobals) = postSolution
		SolutionGuid = {F384A494-B868-4048-8B4B-61D52CAFDCA2}
	EndGlobalSection
EndGlobal
